
Microsoft Visual Studio Solution File, Format Version 12.00
# Visual Studio Version 17
VisualStudioVersion = 17.7.34024.191
MinimumVisualStudioVersion = 10.0.40219.1
Project("{FAE04EC0-301F-11D3-BF4B-00C04F79EFBC}") = "project", "project\project.csproj", "{FA9DE8C1-42A8-44B7-AE27-2CC3CD35A3AA}"
EndProject
Global
	GlobalSection(SolutionConfigurationPlatforms) = preSolution
		Debug|Any CPU = Debug|Any CPU
		Release|Any CPU = Release|Any CPU
	EndGlobalSection
	GlobalSection(ProjectConfigurationPlatforms) = postSolution
		{FA9DE8C1-42A8-44B7-AE27-2CC3CD35A3AA}.Debug|Any CPU.ActiveCfg = Debug|Any CPU
		{FA9DE8C1-42A8-44B7-AE27-2CC3CD35A3AA}.Debug|Any CPU.Build.0 = Debug|Any CPU
		{FA9DE8C1-42A8-44B7-AE27-2CC3CD35A3AA}.Release|Any CPU.ActiveCfg = Release|Any CPU
		{FA9DE8C1-42A8-44B7-AE27-2CC3CD35A3AA}.Release|Any CPU.Build.0 = Release|Any CPU
	EndGlobalSection
	GlobalSection(SolutionProperties) = preSolution
		HideSolutionNode = FALSE
	EndGlobalSection
	GlobalSection(ExtensibilityGlobals) = postSolution
		SolutionGuid = {DC274282-06DB-41AC-A957-4651076E2AE7}
	EndGlobalSection
EndGlobal
